
Microsoft Visual Studio Solution File, Format Version 12.00
# Visual Studio Version 16
VisualStudioVersion = 16.0.809.0
MinimumVisualStudioVersion = 10.0.40219.1
Project("{FAE04EC0-301F-11D3-BF4B-00C04F79EFBC}") = "DailyPmsAPI", "DailyPmsAPI\DailyPmsAPI.csproj", "{A8E29B71-3882-4E05-9362-D7F91F18653D}"
EndProject
Project("{FAE04EC0-301F-11D3-BF4B-00C04F79EFBC}") = "DailyPmsClient", "DailyPmsClient\DailyPmsClient.csproj", "{5EF95829-3009-47A3-8558-4313994554D5}"
EndProject
Project("{FAE04EC0-301F-11D3-BF4B-00C04F79EFBC}") = "DailyPmsShared", "DailyPmsShared\DailyPmsShared.csproj", "{EE810928-91C6-44FC-8806-B22705B57D9A}"
EndProject
Global
	GlobalSection(SolutionConfigurationPlatforms) = preSolution
		Debug|Any CPU = Debug|Any CPU
		Release|Any CPU = Release|Any CPU
	EndGlobalSection
	GlobalSection(ProjectConfigurationPlatforms) = postSolution
		{A8E29B71-3882-4E05-9362-D7F91F18653D}.Debug|Any CPU.ActiveCfg = Debug|Any CPU
		{A8E29B71-3882-4E05-9362-D7F91F18653D}.Debug|Any CPU.Build.0 = Debug|Any CPU
		{A8E29B71-3882-4E05-9362-D7F91F18653D}.Release|Any CPU.ActiveCfg = Release|Any CPU
		{A8E29B71-3882-4E05-9362-D7F91F18653D}.Release|Any CPU.Build.0 = Release|Any CPU
		{5EF95829-3009-47A3-8558-4313994554D5}.Debug|Any CPU.ActiveCfg = Debug|Any CPU
		{5EF95829-3009-47A3-8558-4313994554D5}.Debug|Any CPU.Build.0 = Debug|Any CPU
		{5EF95829-3009-47A3-8558-4313994554D5}.Release|Any CPU.ActiveCfg = Release|Any CPU
		{5EF95829-3009-47A3-8558-4313994554D5}.Release|Any CPU.Build.0 = Release|Any CPU
		{EE810928-91C6-44FC-8806-B22705B57D9A}.Debug|Any CPU.ActiveCfg = Debug|Any CPU
		{EE810928-91C6-44FC-8806-B22705B57D9A}.Debug|Any CPU.Build.0 = Debug|Any CPU
		{EE810928-91C6-44FC-8806-B22705B57D9A}.Release|Any CPU.ActiveCfg = Release|Any CPU
		{EE810928-91C6-44FC-8806-B22705B57D9A}.Release|Any CPU.Build.0 = Release|Any CPU
	EndGlobalSection
	GlobalSection(SolutionProperties) = preSolution
		HideSolutionNode = FALSE
	EndGlobalSection
	GlobalSection(ExtensibilityGlobals) = postSolution
		SolutionGuid = {261743FC-162D-44A3-8F9F-BEF3EF1165EA}
	EndGlobalSection
EndGlobal
